{
  "version": 4,
  "terraform_version": "1.13.3",
  "serial": 1,
  "lineage": "9b135c95-0ecc-6720-6dd8-20aca07e78cf",
  "outputs": {},
  "resources": [
    {
      "mode": "managed",
      "type": "local_file",
      "name": "hello_world",
      "provider": "provider[\"registry.terraform.io/hashicorp/local\"]",
      "instances": [
        {
          "schema_version": 0,
          "attributes": {
            "content": "Hello, Eu!",
            "content_base64": null,
            "content_base64sha256": "AUXt29IHMCr9g6OYyb7uzyemmKR0oTcxmvGr4iYusfU=",
            "content_base64sha512": "WdJJCLgxDjN2dwlyhXjEJuIDiXHtUUbez6VNdux8HiK8mZmSyBk+t2H+RcOxQS//riTz7sQzIeXxcIo6KtppEw==",
            "content_md5": "18228c822e457682675865e35a3dc639",
            "content_sha1": "6f6bd099b1270720dd0f2ab75e7123d2ce323bc3",
            "content_sha256": "0145eddbd207302afd83a398c9beeecf27a698a474a137319af1abe2262eb1f5",
            "content_sha512": "59d24908b8310e33767709728578c426e2038971ed5146decfa54d76ec7c1e22bc999992c8193eb761fe45c3b1412fffae24f3eec43321e5f1708a3a2ada6913",
            "directory_permission": "0777",
            "file_permission": "0777",
            "filename": "./hello.txt",
            "id": "6f6bd099b1270720dd0f2ab75e7123d2ce323bc3",
            "sensitive_content": null,
            "source": null
          },
          "sensitive_attributes": [
            [
              {
                "type": "get_attr",
                "value": "sensitive_content"
              }
            ]
          ],
          "identity_schema_version": 0
        }
      ]
    }
  ],
  "check_results": null
}
