{
  "version": 4,
  "terraform_version": "1.13.3",
  "serial": 4,
  "lineage": "b5d57088-6ee2-6e3d-b11e-40cd37e1f7bd",
  "outputs": {
    "ssh_key_fingerprint": {
      "value": "59:6a:6e:a8:de:b7:9b:55:d7:7b:5a:73:df:bc:5d:73",
      "type": "string"
    }
  },
  "resources": [
    {
      "mode": "data",
      "type": "aws_key_pair",
      "name": "my_key",
      "provider": "provider[\"registry.terraform.io/hashicorp/aws\"]",
      "instances": [
        {
          "schema_version": 0,
          "attributes": {
            "arn": "arn:aws:ec2:us-east-1::key-pair/key-1",
            "create_time": "2025-10-15T16:23:11Z",
            "filter": null,
            "fingerprint": "59:6a:6e:a8:de:b7:9b:55:d7:7b:5a:73:df:bc:5d:73",
            "id": "key-3e5a8b2f169e943d7",
            "include_public_key": false,
            "key_name": "key-1",
            "key_pair_id": "key-3e5a8b2f169e943d7",
            "key_type": "",
            "public_key": "",
            "region": "us-east-1",
            "tags": {},
            "timeouts": null
          },
          "sensitive_attributes": [],
          "identity_schema_version": 0
        }
      ]
    },
    {
      "mode": "managed",
      "type": "aws_key_pair",
      "name": "my_key",
      "provider": "provider[\"registry.terraform.io/hashicorp/aws\"]",
      "instances": [
        {
          "schema_version": 1,
          "attributes": {
            "arn": "arn:aws:ec2:us-east-1::key-pair/key-1",
            "fingerprint": "59:6a:6e:a8:de:b7:9b:55:d7:7b:5a:73:df:bc:5d:73",
            "id": "key-1",
            "key_name": "key-1",
            "key_name_prefix": "",
            "key_pair_id": "key-3e5a8b2f169e943d7",
            "key_type": "",
            "public_key": "ssh-rsa AAAAB3NzaC1yc2EAAAADAQABAAACAQC1Pzahtpg0Q4CV1/Rs9nZq68Hky5AfyhpaxCEJ1Oy42j4RW6eQie2N4Xy7tUCBfZRT8/SLa1GCss+6Wq7muJAn/ppKyzCywq8i1ImSg+ZhT4SEPTGAn2BIpsrmiidjoWI79ocx8SqqDcVfj2WE7eLbpdjYmOS2KphEot1PVY0EXSXqdhyNdA6XoDZrhC1VMGQIyHXKFeuXEATeJTywikR1JKwq+eHzU784jvHWPwfQhUxXQxXSktv+hcreEXedPJBdjfZkl+l0gk0aKkoyJgt5WTcDxOXheosMpg6+msJ8O1oIClW5eidXA8ZjBDP/OddnaDh6FusSlrKIJIkRKBpSDy+7Zb5KCFh+IhKNwt9zcSegTfrqtXV23R7i/03bVXMH26AaWF46D1DHvJZGTZf9yiwlu1vyvXLISkUzwfL5xdhUKUtKLypdMnGPeyMOmQVLFqfuEQIwaVJBtKMfmjATzAJv+GmoGA655QwpCfpvhFEfrFDi2oSk1Yrly3dqauXT7KtmAlyZ66M6TCLLaxUgdrIi3Gd5StsMvyWLt5A5MbSSLrr1SPG0nHEe66PmQjwe4tzgjKfqpW8XjIvHKuMYoSJd+LzKYNrrAjkAUoRCM2SEgxVMDMiEJoaXzVbWheLNLU76YDFC9iPEXRtnGBBlZowDkRnZA+rW1MRvBPrtcQ== eu@ubuntu",
            "region": "us-east-1",
            "tags": null,
            "tags_all": {}
          },
          "sensitive_attributes": [],
          "identity_schema_version": 0,
          "private": "eyJzY2hlbWFfdmVyc2lvbiI6IjEifQ=="
        }
      ]
    }
  ],
  "check_results": null
}
